<?xml version="1.0" encoding="utf-8"?>
<Project ToolsVersion="4.0" xmlns="http://schemas.microsoft.com/developer/msbuild/2003">
  <ItemGroup>
    <Filter Include="Source Files">
      <UniqueIdentifier>{4FC737F1-C7A5-4376-A066-2A32D752A2FF}</UniqueIdentifier>
      <Extensions>cpp;c;cc;cxx;def;odl;idl;hpj;bat;asm;asmx</Extensions>
    </Filter>
    <Filter Include="Header Files">
      <UniqueIdentifier>{93995380-89BD-4b04-88EB-625FBE52EBFB}</UniqueIdentifier>
      <Extensions>h;hpp;hxx;hm;inl;inc;xsd</Extensions>
    </Filter>
    <Filter Include="Resource Files">
      <UniqueIdentifier>{67DA6AB6-F800-4c08-8B7A-83BB121AAD01}</UniqueIdentifier>
      <Extensions>rc;ico;cur;bmp;dlg;rc2;rct;bin;rgs;gif;jpg;jpeg;jpe;resx;tiff;tif;png;wav;mfcribbon-ms</Extensions>
    </Filter>
  </ItemGroup>
  <ItemGroup>
    <Text Include="ReadMe.txt" />
  </ItemGroup>
  <ItemGroup>
    <ClCompile Include="TLibEncoder\SyntaxElementWriter.cpp">
      <Filter>Source Files</Filter>
    </ClCompile>
    <ClCompile Include="TLibEncoder\TEncSbac.cpp">
      <Filter>Source Files</Filter>
    </ClCompile>
    <ClCompile Include="TLibEncoder\TEncBinCoderCABACCounter.cpp">
      <Filter>Source Files</Filter>
    </ClCompile>
    <ClCompile Include="TLibEncoder\TEncGOP.cpp">
      <Filter>Source Files</Filter>
    </ClCompile>
    <ClCompile Include="TLibEncoder\TEncSampleAdaptiveOffset.cpp">
      <Filter>Source Files</Filter>
    </ClCompile>
    <ClCompile Include="TLibEncoder\TEncBinCoderCABAC.cpp">
      <Filter>Source Files</Filter>
    </ClCompile>
    <ClCompile Include="TLibEncoder\TEncAnalyze.cpp">
      <Filter>Source Files</Filter>
    </ClCompile>
    <ClCompile Include="TLibEncoder\TEncEntropy.cpp">
      <Filter>Source Files</Filter>
    </ClCompile>
    <ClCompile Include="TLibEncoder\TEncTop.cpp">
      <Filter>Source Files</Filter>
    </ClCompile>
    <ClCompile Include="TLibEncoder\SEIwrite.cpp">
      <Filter>Source Files</Filter>
    </ClCompile>
    <ClCompile Include="TLibEncoder\TEncPic.cpp">
      <Filter>Source Files</Filter>
    </ClCompile>
    <ClCompile Include="TLibEncoder\TEncRateCtrl.cpp">
      <Filter>Source Files</Filter>
    </ClCompile>
    <ClCompile Include="TLibEncoder\WeightPredAnalysis.cpp">
      <Filter>Source Files</Filter>
    </ClCompile>
    <ClCompile Include="TLibEncoder\TEncSlice.cpp">
      <Filter>Source Files</Filter>
    </ClCompile>
    <ClCompile Include="TLibEncoder\TEncCu.cpp">
      <Filter>Source Files</Filter>
    </ClCompile>
    <ClCompile Include="TLibEncoder\NALwrite.cpp">
      <Filter>Source Files</Filter>
    </ClCompile>
    <ClCompile Include="TLibEncoder\TEncCavlc.cpp">
      <Filter>Source Files</Filter>
    </ClCompile>
    <ClCompile Include="TLibEncoder\TEncSearch.cpp">
      <Filter>Source Files</Filter>
    </ClCompile>
    <ClCompile Include="TLibEncoder\TEncPreanalyzer.cpp">
      <Filter>Source Files</Filter>
    </ClCompile>
    <ClCompile Include="TLibVideoIO\TVideoIOYuv.cpp">
      <Filter>Source Files</Filter>
    </ClCompile>
    <ClCompile Include="TLibCommon\ContextModel.cpp">
      <Filter>Source Files</Filter>
    </ClCompile>
    <ClCompile Include="TLibCommon\ContextModel3DBuffer.cpp">
      <Filter>Source Files</Filter>
    </ClCompile>
    <ClCompile Include="TLibCommon\Debug.cpp">
      <Filter>Source Files</Filter>
    </ClCompile>
    <ClCompile Include="TLibCommon\SEI.cpp">
      <Filter>Source Files</Filter>
    </ClCompile>
    <ClCompile Include="TLibCommon\TComBitStream.cpp">
      <Filter>Source Files</Filter>
    </ClCompile>
    <ClCompile Include="TLibCommon\TComCABACTables.cpp">
      <Filter>Source Files</Filter>
    </ClCompile>
    <ClCompile Include="TLibCommon\TComChromaFormat.cpp">
      <Filter>Source Files</Filter>
    </ClCompile>
    <ClCompile Include="TLibCommon\TComDataCU.cpp">
      <Filter>Source Files</Filter>
    </ClCompile>
    <ClCompile Include="TLibCommon\TComInterpolationFilter.cpp">
      <Filter>Source Files</Filter>
    </ClCompile>
    <ClCompile Include="TLibCommon\TComLoopFilter.cpp">
      <Filter>Source Files</Filter>
    </ClCompile>
    <ClCompile Include="TLibCommon\TComMotionInfo.cpp">
      <Filter>Source Files</Filter>
    </ClCompile>
    <ClCompile Include="TLibCommon\TComPattern.cpp">
      <Filter>Source Files</Filter>
    </ClCompile>
    <ClCompile Include="TLibCommon\TComPic.cpp">
      <Filter>Source Files</Filter>
    </ClCompile>
    <ClCompile Include="TLibCommon\TComPicSym.cpp">
      <Filter>Source Files</Filter>
    </ClCompile>
    <ClCompile Include="TLibCommon\TComPicYuv.cpp">
      <Filter>Source Files</Filter>
    </ClCompile>
    <ClCompile Include="TLibCommon\TComPicYuvMD5.cpp">
      <Filter>Source Files</Filter>
    </ClCompile>
    <ClCompile Include="TLibCommon\TComPrediction.cpp">
      <Filter>Source Files</Filter>
    </ClCompile>
    <ClCompile Include="TLibCommon\TComRdCost.cpp">
      <Filter>Source Files</Filter>
    </ClCompile>
    <ClCompile Include="TLibCommon\TComRdCostWeightPrediction.cpp">
      <Filter>Source Files</Filter>
    </ClCompile>
    <ClCompile Include="TLibCommon\TComRom.cpp">
      <Filter>Source Files</Filter>
    </ClCompile>
    <ClCompile Include="TLibCommon\TComSampleAdaptiveOffset.cpp">
      <Filter>Source Files</Filter>
    </ClCompile>
    <ClCompile Include="TLibCommon\TComSlice.cpp">
      <Filter>Source Files</Filter>
    </ClCompile>
    <ClCompile Include="TLibCommon\TComTrQuant.cpp">
      <Filter>Source Files</Filter>
    </ClCompile>
    <ClCompile Include="TLibCommon\TComTU.cpp">
      <Filter>Source Files</Filter>
    </ClCompile>
    <ClCompile Include="TLibCommon\TComWeightPrediction.cpp">
      <Filter>Source Files</Filter>
    </ClCompile>
    <ClCompile Include="TLibCommon\TComYuv.cpp">
      <Filter>Source Files</Filter>
    </ClCompile>
    <ClCompile Include="libmd5\libmd5.c">
      <Filter>Source Files</Filter>
    </ClCompile>
    <ClCompile Include="program_options_lite.cpp">
      <Filter>Source Files</Filter>
    </ClCompile>
    <ClCompile Include="TAppEncCfg.cpp">
      <Filter>Source Files</Filter>
    </ClCompile>
    <ClCompile Include="TAppEncTop.cpp">
      <Filter>Source Files</Filter>
    </ClCompile>
  </ItemGroup>
</Project>